{
  "name": "listformat",
  "version": "1.0.2",
  "lockfileVersion": 1,
  "requires": true,
  "dependencies": {
    "@types/estree": {
      "version": "0.0.39",
      "resolved": "https://registry.npmjs.org/@types/estree/-/estree-0.0.39.tgz",
      "integrity": "sha512-EYNwp3bU+98cpU4lAWYYL7Zz+2gryWH1qbdDTidVd6hkiR6weksdbMadyXKXNPEkQFhXM+hVO9ZygomHXp+AIw==",
      "dev": true
    },
    "@types/node": {
      "version": "10.12.18",
      "resolved": "https://registry.npmjs.org/@types/node/-/node-10.12.18.tgz",
      "integrity": "sha512-fh+pAqt4xRzPfqA6eh3Z2y6fyZavRIumvjhaCL753+TVkGKGhpPeyrJG2JftD0T9q4GF00KjefsQ+PQNDdWQaQ==",
      "dev": true
    },
    "acorn": {
      "version": "6.4.1",
      "resolved": "https://registry.npmjs.org/acorn/-/acorn-6.4.1.tgz",
      "integrity": "sha512-ZVA9k326Nwrj3Cj9jlh3wGFutC2ZornPNARZwsNYqQYgN0EsV2d53w5RN/co65Ohn4sUAUtb1rSUAOD6XN9idA==",
      "dev": true
    },
    "esm": {
      "version": "3.1.0",
      "resolved": "https://registry.npmjs.org/esm/-/esm-3.1.0.tgz",
      "integrity": "sha512-r4Go7Wh7Wh0WPinRXeeM9PIajRsUdt8SAyki5R1obVc0+BwtqvtjbngVSSdXg0jCe2xZkY8hyBMx6q/uymUkPw==",
      "dev": true
    },
    "rollup": {
      "version": "1.1.0",
      "resolved": "https://registry.npmjs.org/rollup/-/rollup-1.1.0.tgz",
      "integrity": "sha512-NK03gkkOz0CchHBMGomcNqa6U3jLNzHuWK9SI0+1FV475JA6cQxVtjlDcQoKKDNIQ3IwYumIlgoKYDEWUyFBwQ==",
      "dev": true,
      "requires": {
        "@types/estree": "0.0.39",
        "@types/node": "*",
        "acorn": "^6.0.5"
      }
    }
  }
}
